// !$*UTF8*$!
{
	archiveVersion = 1;
	classes = {
	};
	objectVersion = 51;
	objects = {

/* Begin PBXBuildFile section */
		60666263BB6B6C6D2A9E35B7 /* Pods_DYZB.framework in Frameworks */ = {isa = PBXBuildFile; fileRef = 4B998DC42EE40311D6416FC3 /* Pods_DYZB.framework */; };
		C83868D923B4CE5F0008771F /* AppDelegate.swift in Sources */ = {isa = PBXBuildFile; fileRef = C83868D823B4CE5F0008771F /* AppDelegate.swift */; };
		C83868DB23B4CE5F0008771F /* SceneDelegate.swift in Sources */ = {isa = PBXBuildFile; fileRef = C83868DA23B4CE5F0008771F /* SceneDelegate.swift */; };
		C83868E223B4CE600008771F /* Assets.xcassets in Resources */ = {isa = PBXBuildFile; fileRef = C83868E123B4CE600008771F /* Assets.xcassets */; };
		C8A4F3E623B4DD3B003A3F54 /* NetworkTools.swift in Sources */ = {isa = PBXBuildFile; fileRef = C8A4F3E023B4DD3B003A3F54 /* NetworkTools.swift */; };
		C8A4F3E723B4DD3B003A3F54 /* UIColor-Extension.swift in Sources */ = {isa = PBXBuildFile; fileRef = C8A4F3E223B4DD3B003A3F54 /* UIColor-Extension.swift */; };
		C8A4F3E823B4DD3B003A3F54 /* UIBarButtonItem-Extension.swift in Sources */ = {isa = PBXBuildFile; fileRef = C8A4F3E323B4DD3B003A3F54 /* UIBarButtonItem-Extension.swift */; };
		C8A4F3E923B4DD3B003A3F54 /* NSDate-Extension.swift in Sources */ = {isa = PBXBuildFile; fileRef = C8A4F3E423B4DD3B003A3F54 /* NSDate-Extension.swift */; };
		C8A4F3EA23B4DD3B003A3F54 /* Common.swift in Sources */ = {isa = PBXBuildFile; fileRef = C8A4F3E523B4DD3B003A3F54 /* Common.swift */; };
		C8A4F42323B4E4C6003A3F54 /* HomeViewController.swift in Sources */ = {isa = PBXBuildFile; fileRef = C8A4F40A23B4E4C6003A3F54 /* HomeViewController.swift */; };
		C8A4F42823B4EB07003A3F54 /* Launch Screen.storyboard in Resources */ = {isa = PBXBuildFile; fileRef = C8A4F42723B4EB07003A3F54 /* Launch Screen.storyboard */; };
/* End PBXBuildFile section */

/* Begin PBXFileReference section */
		2C610FF16B94761B2A15A319 /* Pods-DYZB.release.xcconfig */ = {isa = PBXFileReference; includeInIndex = 1; lastKnownFileType = text.xcconfig; name = "Pods-DYZB.release.xcconfig"; path = "Target Support Files/Pods-DYZB/Pods-DYZB.release.xcconfig"; sourceTree = "<group>"; };
		4B998DC42EE40311D6416FC3 /* Pods_DYZB.framework */ = {isa = PBXFileReference; explicitFileType = wrapper.framework; includeInIndex = 0; path = Pods_DYZB.framework; sourceTree = BUILT_PRODUCTS_DIR; };
		9730037FD18869A8ABE6AED2 /* Pods-DYZB.debug.xcconfig */ = {isa = PBXFileReference; includeInIndex = 1; lastKnownFileType = text.xcconfig; name = "Pods-DYZB.debug.xcconfig"; path = "Target Support Files/Pods-DYZB/Pods-DYZB.debug.xcconfig"; sourceTree = "<group>"; };
		C83868D523B4CE5F0008771F /* DYZB.app */ = {isa = PBXFileReference; explicitFileType = wrapper.application; includeInIndex = 0; path = DYZB.app; sourceTree = BUILT_PRODUCTS_DIR; };
		C83868D823B4CE5F0008771F /* AppDelegate.swift */ = {isa = PBXFileReference; lastKnownFileType = sourcecode.swift; path = AppDelegate.swift; sourceTree = "<group>"; };
		C83868DA23B4CE5F0008771F /* SceneDelegate.swift */ = {isa = PBXFileReference; lastKnownFileType = sourcecode.swift; path = SceneDelegate.swift; sourceTree = "<group>"; };
		C83868E123B4CE600008771F /* Assets.xcassets */ = {isa = PBXFileReference; lastKnownFileType = folder.assetcatalog; path = Assets.xcassets; sourceTree = "<group>"; };
		C83868E623B4CE600008771F /* Info.plist */ = {isa = PBXFileReference; lastKnownFileType = text.plist.xml; path = Info.plist; sourceTree = "<group>"; };
		C8A4F3E023B4DD3B003A3F54 /* NetworkTools.swift */ = {isa = PBXFileReference; fileEncoding = 4; lastKnownFileType = sourcecode.swift; path = NetworkTools.swift; sourceTree = "<group>"; };
		C8A4F3E223B4DD3B003A3F54 /* UIColor-Extension.swift */ = {isa = PBXFileReference; fileEncoding = 4; lastKnownFileType = sourcecode.swift; path = "UIColor-Extension.swift"; sourceTree = "<group>"; };
		C8A4F3E323B4DD3B003A3F54 /* UIBarButtonItem-Extension.swift */ = {isa = PBXFileReference; fileEncoding = 4; lastKnownFileType = sourcecode.swift; path = "UIBarButtonItem-Extension.swift"; sourceTree = "<group>"; };
		C8A4F3E423B4DD3B003A3F54 /* NSDate-Extension.swift */ = {isa = PBXFileReference; fileEncoding = 4; lastKnownFileType = sourcecode.swift; path = "NSDate-Extension.swift"; sourceTree = "<group>"; };
		C8A4F3E523B4DD3B003A3F54 /* Common.swift */ = {isa = PBXFileReference; fileEncoding = 4; lastKnownFileType = sourcecode.swift; path = Common.swift; sourceTree = "<group>"; };
		C8A4F40A23B4E4C6003A3F54 /* HomeViewController.swift */ = {isa = PBXFileReference; fileEncoding = 4; lastKnownFileType = sourcecode.swift; path = HomeViewController.swift; sourceTree = "<group>"; };
		C8A4F42723B4EB07003A3F54 /* Launch Screen.storyboard */ = {isa = PBXFileReference; lastKnownFileType = file.storyboard; path = "Launch Screen.storyboard"; sourceTree = "<group>"; };
/* End PBXFileReference section */

/* Begin PBXFrameworksBuildPhase section */
		C83868D223B4CE5F0008771F /* Frameworks */ = {
			isa = PBXFrameworksBuildPhase;
			buildActionMask = 2147483647;
			files = (
				60666263BB6B6C6D2A9E35B7 /* Pods_DYZB.framework in Frameworks */,
			);
			runOnlyForDeploymentPostprocessing = 0;
		};
/* End PBXFrameworksBuildPhase section */

/* Begin PBXGroup section */
		B8DAE66B4A689965D31B84D2 /* Frameworks */ = {
			isa = PBXGroup;
			children = (
				4B998DC42EE40311D6416FC3 /* Pods_DYZB.framework */,
			);
			name = Frameworks;
			sourceTree = "<group>";
		};
		C83868CC23B4CE5F0008771F = {
			isa = PBXGroup;
			children = (
				C83868D723B4CE5F0008771F /* DYZB */,
				C83868D623B4CE5F0008771F /* Products */,
				F5EF8E6000ACA73E8202E342 /* Pods */,
				B8DAE66B4A689965D31B84D2 /* Frameworks */,
			);
			sourceTree = "<group>";
		};
		C83868D623B4CE5F0008771F /* Products */ = {
			isa = PBXGroup;
			children = (
				C83868D523B4CE5F0008771F /* DYZB.app */,
			);
			name = Products;
			sourceTree = "<group>";
		};
		C83868D723B4CE5F0008771F /* DYZB */ = {
			isa = PBXGroup;
			children = (
				C83868D823B4CE5F0008771F /* AppDelegate.swift */,
				C83868DA23B4CE5F0008771F /* SceneDelegate.swift */,
				C8A4F3DE23B4DD3B003A3F54 /* Classes */,
				C83868E123B4CE600008771F /* Assets.xcassets */,
				C8A4F42723B4EB07003A3F54 /* Launch Screen.storyboard */,
				C83868E623B4CE600008771F /* Info.plist */,
			);
			path = DYZB;
			sourceTree = "<group>";
		};
		C8A4F3DE23B4DD3B003A3F54 /* Classes */ = {
			isa = PBXGroup;
			children = (
				C8A4F3F023B4E49B003A3F54 /* Main */,
				C8A4F3EF23B4E49B003A3F54 /* Room */,
				C8A4F3EB23B4E420003A3F54 /* Follow */,
				C8A4F3ED23B4E420003A3F54 /* Home */,
				C8A4F3EE23B4E420003A3F54 /* Live */,
				C8A4F3EC23B4E420003A3F54 /* Profile */,
				C8A4F3DF23B4DD3B003A3F54 /* Tools */,
			);
			path = Classes;
			sourceTree = "<group>";
		};
		C8A4F3DF23B4DD3B003A3F54 /* Tools */ = {
			isa = PBXGroup;
			children = (
				C8A4F3E023B4DD3B003A3F54 /* NetworkTools.swift */,
				C8A4F3E123B4DD3B003A3F54 /* Extension */,
				C8A4F3E523B4DD3B003A3F54 /* Common.swift */,
			);
			path = Tools;
			sourceTree = "<group>";
		};
		C8A4F3E123B4DD3B003A3F54 /* Extension */ = {
			isa = PBXGroup;
			children = (
				C8A4F3E223B4DD3B003A3F54 /* UIColor-Extension.swift */,
				C8A4F3E323B4DD3B003A3F54 /* UIBarButtonItem-Extension.swift */,
				C8A4F3E423B4DD3B003A3F54 /* NSDate-Extension.swift */,
			);
			path = Extension;
			sourceTree = "<group>";
		};
		C8A4F3EB23B4E420003A3F54 /* Follow */ = {
			isa = PBXGroup;
			children = (
			);
			path = Follow;
			sourceTree = "<group>";
		};
		C8A4F3EC23B4E420003A3F54 /* Profile */ = {
			isa = PBXGroup;
			children = (
			);
			path = Profile;
			sourceTree = "<group>";
		};
		C8A4F3ED23B4E420003A3F54 /* Home */ = {
			isa = PBXGroup;
			children = (
				C8A4F40823B4E4C6003A3F54 /* Controller */,
				C8A4F3F623B4E4C6003A3F54 /* Model */,
				C8A4F3F923B4E4C6003A3F54 /* View */,
				C8A4F3F123B4E4C6003A3F54 /* ViewModel */,
			);
			path = Home;
			sourceTree = "<group>";
		};
		C8A4F3EE23B4E420003A3F54 /* Live */ = {
			isa = PBXGroup;
			children = (
			);
			path = Live;
			sourceTree = "<group>";
		};
		C8A4F3EF23B4E49B003A3F54 /* Room */ = {
			isa = PBXGroup;
			children = (
			);
			path = Room;
			sourceTree = "<group>";
		};
		C8A4F3F023B4E49B003A3F54 /* Main */ = {
			isa = PBXGroup;
			children = (
			);
			path = Main;
			sourceTree = "<group>";
		};
		C8A4F3F123B4E4C6003A3F54 /* ViewModel */ = {
			isa = PBXGroup;
			children = (
			);
			path = ViewModel;
			sourceTree = "<group>";
		};
		C8A4F3F623B4E4C6003A3F54 /* Model */ = {
			isa = PBXGroup;
			children = (
			);
			path = Model;
			sourceTree = "<group>";
		};
		C8A4F3F923B4E4C6003A3F54 /* View */ = {
			isa = PBXGroup;
			children = (
			);
			path = View;
			sourceTree = "<group>";
		};
		C8A4F40823B4E4C6003A3F54 /* Controller */ = {
			isa = PBXGroup;
			children = (
				C8A4F40A23B4E4C6003A3F54 /* HomeViewController.swift */,
			);
			path = Controller;
			sourceTree = "<group>";
		};
		F5EF8E6000ACA73E8202E342 /* Pods */ = {
			isa = PBXGroup;
			children = (
				9730037FD18869A8ABE6AED2 /* Pods-DYZB.debug.xcconfig */,
				2C610FF16B94761B2A15A319 /* Pods-DYZB.release.xcconfig */,
			);
			path = Pods;
			sourceTree = "<group>";
		};
/* End PBXGroup section */

/* Begin PBXNativeTarget section */
		C83868D423B4CE5F0008771F /* DYZB */ = {
			isa = PBXNativeTarget;
			buildConfigurationList = C83868E923B4CE600008771F /* Build configuration list for PBXNativeTarget "DYZB" */;
			buildPhases = (
				ED25CAA0CB3C82425786CAB1 /* [CP] Check Pods Manifest.lock */,
				C83868D123B4CE5F0008771F /* Sources */,
				C83868D223B4CE5F0008771F /* Frameworks */,
				C83868D323B4CE5F0008771F /* Resources */,
				B33A6C7448E6A80F91A5321A /* [CP] Embed Pods Frameworks */,
			);
			buildRules = (
			);
			dependencies = (
			);
			name = DYZB;
			productName = DYZB;
			productReference = C83868D523B4CE5F0008771F /* DYZB.app */;
			productType = "com.apple.product-type.application";
		};
/* End PBXNativeTarget section */

/* Begin PBXProject section */
		C83868CD23B4CE5F0008771F /* Project object */ = {
			isa = PBXProject;
			attributes = {
				LastSwiftUpdateCheck = 1130;
				LastUpgradeCheck = 1130;
				ORGANIZATIONNAME = lxn;
				TargetAttributes = {
					C83868D423B4CE5F0008771F = {
						CreatedOnToolsVersion = 11.3;
					};
				};
			};
			buildConfigurationList = C83868D023B4CE5F0008771F /* Build configuration list for PBXProject "DYZB" */;
			compatibilityVersion = "Xcode 9.3";
			developmentRegion = en;
			hasScannedForEncodings = 0;
			knownRegions = (
				en,
				Base,
			);
			mainGroup = C83868CC23B4CE5F0008771F;
			productRefGroup = C83868D623B4CE5F0008771F /* Products */;
			projectDirPath = "";
			projectRoot = "";
			targets = (
				C83868D423B4CE5F0008771F /* DYZB */,
			);
		};
/* End PBXProject section */

/* Begin PBXResourcesBuildPhase section */
		C83868D323B4CE5F0008771F /* Resources */ = {
			isa = PBXResourcesBuildPhase;
			buildActionMask = 2147483647;
			files = (
				C8A4F42823B4EB07003A3F54 /* Launch Screen.storyboard in Resources */,
				C83868E223B4CE600008771F /* Assets.xcassets in Resources */,
			);
			runOnlyForDeploymentPostprocessing = 0;
		};
/* End PBXResourcesBuildPhase section */

/* Begin PBXShellScriptBuildPhase section */
		B33A6C7448E6A80F91A5321A /* [CP] Embed Pods Frameworks */ = {
			isa = PBXShellScriptBuildPhase;
			buildActionMask = 2147483647;
			files = (
			);
			inputFileListPaths = (
				"${PODS_ROOT}/Target Support Files/Pods-DYZB/Pods-DYZB-frameworks-${CONFIGURATION}-input-files.xcfilelist",
			);
			name = "[CP] Embed Pods Frameworks";
			outputFileListPaths = (
				"${PODS_ROOT}/Target Support Files/Pods-DYZB/Pods-DYZB-frameworks-${CONFIGURATION}-output-files.xcfilelist",
			);
			runOnlyForDeploymentPostprocessing = 0;
			shellPath = /bin/sh;
			shellScript = "\"${PODS_ROOT}/Target Support Files/Pods-DYZB/Pods-DYZB-frameworks.sh\"\n";
			showEnvVarsInLog = 0;
		};
		ED25CAA0CB3C82425786CAB1 /* [CP] Check Pods Manifest.lock */ = {
			isa = PBXShellScriptBuildPhase;
			buildActionMask = 2147483647;
			files = (
			);
			inputFileListPaths = (
			);
			inputPaths = (
				"${PODS_PODFILE_DIR_PATH}/Podfile.lock",
				"${PODS_ROOT}/Manifest.lock",
			);
			name = "[CP] Check Pods Manifest.lock";
			outputFileListPaths = (
			);
			outputPaths = (
				"$(DERIVED_FILE_DIR)/Pods-DYZB-checkManifestLockResult.txt",
			);
			runOnlyForDeploymentPostprocessing = 0;
			shellPath = /bin/sh;
			shellScript = "diff \"${PODS_PODFILE_DIR_PATH}/Podfile.lock\" \"${PODS_ROOT}/Manifest.lock\" > /dev/null\nif [ $? != 0 ] ; then\n    # print error to STDERR\n    echo \"error: The sandbox is not in sync with the Podfile.lock. Run 'pod install' or update your CocoaPods installation.\" >&2\n    exit 1\nfi\n# This output is used by Xcode 'outputs' to avoid re-running this script phase.\necho \"SUCCESS\" > \"${SCRIPT_OUTPUT_FILE_0}\"\n";
			showEnvVarsInLog = 0;
		};
/* End PBXShellScriptBuildPhase section */

/* Begin PBXSourcesBuildPhase section */
		C83868D123B4CE5F0008771F /* Sources */ = {
			isa = PBXSourcesBuildPhase;
			buildActionMask = 2147483647;
			files = (
				C8A4F3E823B4DD3B003A3F54 /* UIBarButtonItem-Extension.swift in Sources */,
				C83868D923B4CE5F0008771F /* AppDelegate.swift in Sources */,
				C8A4F3E723B4DD3B003A3F54 /* UIColor-Extension.swift in Sources */,
				C8A4F42323B4E4C6003A3F54 /* HomeViewController.swift in Sources */,
				C83868DB23B4CE5F0008771F /* SceneDelegate.swift in Sources */,
				C8A4F3E923B4DD3B003A3F54 /* NSDate-Extension.swift in Sources */,
				C8A4F3E623B4DD3B003A3F54 /* NetworkTools.swift in Sources */,
				C8A4F3EA23B4DD3B003A3F54 /* Common.swift in Sources */,
			);
			runOnlyForDeploymentPostprocessing = 0;
		};
/* End PBXSourcesBuildPhase section */

/* Begin XCBuildConfiguration section */
		C83868E723B4CE600008771F /* Debug */ = {
			isa = XCBuildConfiguration;
			buildSettings = {
				ALWAYS_SEARCH_USER_PATHS = NO;
				CLANG_ANALYZER_NONNULL = YES;
				CLANG_ANALYZER_NUMBER_OBJECT_CONVERSION = YES_AGGRESSIVE;
				CLANG_CXX_LANGUAGE_STANDARD = "gnu++14";
				CLANG_CXX_LIBRARY = "libc++";
				CLANG_ENABLE_MODULES = YES;
				CLANG_ENABLE_OBJC_ARC = YES;
				CLANG_ENABLE_OBJC_WEAK = YES;
				CLANG_WARN_BLOCK_CAPTURE_AUTORELEASING = YES;
				CLANG_WARN_BOOL_CONVERSION = YES;
				CLANG_WARN_COMMA = YES;
				CLANG_WARN_CONSTANT_CONVERSION = YES;
				CLANG_WARN_DEPRECATED_OBJC_IMPLEMENTATIONS = YES;
				CLANG_WARN_DIRECT_OBJC_ISA_USAGE = YES_ERROR;
				CLANG_WARN_DOCUMENTATION_COMMENTS = YES;
				CLANG_WARN_EMPTY_BODY = YES;
				CLANG_WARN_ENUM_CONVERSION = YES;
				CLANG_WARN_INFINITE_RECURSION = YES;
				CLANG_WARN_INT_CONVERSION = YES;
				CLANG_WARN_NON_LITERAL_NULL_CONVERSION = YES;
				CLANG_WARN_OBJC_IMPLICIT_RETAIN_SELF = YES;
				CLANG_WARN_OBJC_LITERAL_CONVERSION = YES;
				CLANG_WARN_OBJC_ROOT_CLASS = YES_ERROR;
				CLANG_WARN_RANGE_LOOP_ANALYSIS = YES;
				CLANG_WARN_STRICT_PROTOTYPES = YES;
				CLANG_WARN_SUSPICIOUS_MOVE = YES;
				CLANG_WARN_UNGUARDED_AVAILABILITY = YES_AGGRESSIVE;
				CLANG_WARN_UNREACHABLE_CODE = YES;
				CLANG_WARN__DUPLICATE_METHOD_MATCH = YES;
				COPY_PHASE_STRIP = NO;
				DEBUG_INFORMATION_FORMAT = dwarf;
				ENABLE_STRICT_OBJC_MSGSEND = YES;
				ENABLE_TESTABILITY = YES;
				GCC_C_LANGUAGE_STANDARD = gnu11;
				GCC_DYNAMIC_NO_PIC = NO;
				GCC_NO_COMMON_BLOCKS = YES;
				GCC_OPTIMIZATION_LEVEL = 0;
				GCC_PREPROCESSOR_DEFINITIONS = (
					"DEBUG=1",
					"$(inherited)",
				);
				GCC_WARN_64_TO_32_BIT_CONVERSION = YES;
				GCC_WARN_ABOUT_RETURN_TYPE = YES_ERROR;
				GCC_WARN_UNDECLARED_SELECTOR = YES;
				GCC_WARN_UNINITIALIZED_AUTOS = YES_AGGRESSIVE;
				GCC_WARN_UNUSED_FUNCTION = YES;
				GCC_WARN_UNUSED_VARIABLE = YES;
				IPHONEOS_DEPLOYMENT_TARGET = 13.0;
				MTL_ENABLE_DEBUG_INFO = INCLUDE_SOURCE;
				MTL_FAST_MATH = YES;
				ONLY_ACTIVE_ARCH = YES;
				SDKROOT = iphoneos;
				SWIFT_ACTIVE_COMPILATION_CONDITIONS = DEBUG;
				SWIFT_OPTIMIZATION_LEVEL = "-Onone";
			};
			name = Debug;
		};
		C83868E823B4CE600008771F /* Release */ = {
			isa = XCBuildConfiguration;
			buildSettings = {
				ALWAYS_SEARCH_USER_PATHS = NO;
				CLANG_ANALYZER_NONNULL = YES;
				CLANG_ANALYZER_NUMBER_OBJECT_CONVERSION = YES_AGGRESSIVE;
				CLANG_CXX_LANGUAGE_STANDARD = "gnu++14";
				CLANG_CXX_LIBRARY = "libc++";
				CLANG_ENABLE_MODULES = YES;
				CLANG_ENABLE_OBJC_ARC = YES;
				CLANG_ENABLE_OBJC_WEAK = YES;
				CLANG_WARN_BLOCK_CAPTURE_AUTORELEASING = YES;
				CLANG_WARN_BOOL_CONVERSION = YES;
				CLANG_WARN_COMMA = YES;
				CLANG_WARN_CONSTANT_CONVERSION = YES;
				CLANG_WARN_DEPRECATED_OBJC_IMPLEMENTATIONS = YES;
				CLANG_WARN_DIRECT_OBJC_ISA_USAGE = YES_ERROR;
				CLANG_WARN_DOCUMENTATION_COMMENTS = YES;
				CLANG_WARN_EMPTY_BODY = YES;
				CLANG_WARN_ENUM_CONVERSION = YES;
				CLANG_WARN_INFINITE_RECURSION = YES;
				CLANG_WARN_INT_CONVERSION = YES;
				CLANG_WARN_NON_LITERAL_NULL_CONVERSION = YES;
				CLANG_WARN_OBJC_IMPLICIT_RETAIN_SELF = YES;
				CLANG_WARN_OBJC_LITERAL_CONVERSION = YES;
				CLANG_WARN_OBJC_ROOT_CLASS = YES_ERROR;
				CLANG_WARN_RANGE_LOOP_ANALYSIS = YES;
				CLANG_WARN_STRICT_PROTOTYPES = YES;
				CLANG_WARN_SUSPICIOUS_MOVE = YES;
				CLANG_WARN_UNGUARDED_AVAILABILITY = YES_AGGRESSIVE;
				CLANG_WARN_UNREACHABLE_CODE = YES;
				CLANG_WARN__DUPLICATE_METHOD_MATCH = YES;
				COPY_PHASE_STRIP = NO;
				DEBUG_INFORMATION_FORMAT = "dwarf-with-dsym";
				ENABLE_NS_ASSERTIONS = NO;
				ENABLE_STRICT_OBJC_MSGSEND = YES;
				GCC_C_LANGUAGE_STANDARD = gnu11;
				GCC_NO_COMMON_BLOCKS = YES;
				GCC_WARN_64_TO_32_BIT_CONVERSION = YES;
				GCC_WARN_ABOUT_RETURN_TYPE = YES_ERROR;
				GCC_WARN_UNDECLARED_SELECTOR = YES;
				GCC_WARN_UNINITIALIZED_AUTOS = YES_AGGRESSIVE;
				GCC_WARN_UNUSED_FUNCTION = YES;
				GCC_WARN_UNUSED_VARIABLE = YES;
				IPHONEOS_DEPLOYMENT_TARGET = 13.0;
				MTL_ENABLE_DEBUG_INFO = NO;
				MTL_FAST_MATH = YES;
				SDKROOT = iphoneos;
				SWIFT_COMPILATION_MODE = wholemodule;
				SWIFT_OPTIMIZATION_LEVEL = "-O";
				VALIDATE_PRODUCT = YES;
			};
			name = Release;
		};
		C83868EA23B4CE600008771F /* Debug */ = {
			isa = XCBuildConfiguration;
			baseConfigurationReference = 9730037FD18869A8ABE6AED2 /* Pods-DYZB.debug.xcconfig */;
			buildSettings = {
				ASSETCATALOG_COMPILER_APPICON_NAME = AppIcon;
				ASSETCATALOG_COMPILER_LAUNCHIMAGE_NAME = LaunchImage;
				CODE_SIGN_STYLE = Automatic;
				INFOPLIST_FILE = DYZB/Info.plist;
				LD_RUNPATH_SEARCH_PATHS = (
					"$(inherited)",
					"@executable_path/Frameworks",
				);
				PRODUCT_BUNDLE_IDENTIFIER = com.lxn.DYZB;
				PRODUCT_NAME = "$(TARGET_NAME)";
				SWIFT_VERSION = 5.0;
				TARGETED_DEVICE_FAMILY = 1;
			};
			name = Debug;
		};
		C83868EB23B4CE600008771F /* Release */ = {
			isa = XCBuildConfiguration;
			baseConfigurationReference = 2C610FF16B94761B2A15A319 /* Pods-DYZB.release.xcconfig */;
			buildSettings = {
				ASSETCATALOG_COMPILER_APPICON_NAME = AppIcon;
				ASSETCATALOG_COMPILER_LAUNCHIMAGE_NAME = LaunchImage;
				CODE_SIGN_STYLE = Automatic;
				INFOPLIST_FILE = DYZB/Info.plist;
				LD_RUNPATH_SEARCH_PATHS = (
					"$(inherited)",
					"@executable_path/Frameworks",
				);
				PRODUCT_BUNDLE_IDENTIFIER = com.lxn.DYZB;
				PRODUCT_NAME = "$(TARGET_NAME)";
				SWIFT_VERSION = 5.0;
				TARGETED_DEVICE_FAMILY = 1;
			};
			name = Release;
		};
/* End XCBuildConfiguration section */

/* Begin XCConfigurationList section */
		C83868D023B4CE5F0008771F /* Build configuration list for PBXProject "DYZB" */ = {
			isa = XCConfigurationList;
			buildConfigurations = (
				C83868E723B4CE600008771F /* Debug */,
				C83868E823B4CE600008771F /* Release */,
			);
			defaultConfigurationIsVisible = 0;
			defaultConfigurationName = Release;
		};
		C83868E923B4CE600008771F /* Build configuration list for PBXNativeTarget "DYZB" */ = {
			isa = XCConfigurationList;
			buildConfigurations = (
				C83868EA23B4CE600008771F /* Debug */,
				C83868EB23B4CE600008771F /* Release */,
			);
			defaultConfigurationIsVisible = 0;
			defaultConfigurationName = Release;
		};
/* End XCConfigurationList section */
	};
	rootObject = C83868CD23B4CE5F0008771F /* Project object */;
}
